
Microsoft Visual Studio Solution File, Format Version 12.00
# Visual Studio Version 16
VisualStudioVersion = 16.0.28711.60
MinimumVisualStudioVersion = 10.0.40219.1
Project("{9A19103F-16F7-4668-BE54-9A1E7A4F7556}") = "GenericHostSample.Console", "GenericHostSample.Console\GenericHostSample.Console.csproj", "{DDA0ADA1-1D94-4962-B4E7-2ED7BBCE997E}"
EndProject
Project("{9A19103F-16F7-4668-BE54-9A1E7A4F7556}") = "GenericHostSample.Plugin1", "GenericHostSample.Plugin1\GenericHostSample.Plugin1.csproj", "{4791D306-2F5B-4D22-A507-D087B4FC0680}"
EndProject
Project("{9A19103F-16F7-4668-BE54-9A1E7A4F7556}") = "GenericHostSample.PluginLoader", "GenericHostSample.PluginLoader\GenericHostSample.PluginLoader.csproj", "{021F054E-F3E0-44AB-AF4A-042A7513B2D6}"
EndProject
Project("{9A19103F-16F7-4668-BE54-9A1E7A4F7556}") = "GenericHostSample.Forms", "GenericHostSample.Forms\GenericHostSample.Forms.csproj", "{1857340A-8D94-44A8-B9E8-081E72661578}"
EndProject
Global
	GlobalSection(SolutionConfigurationPlatforms) = preSolution
		Debug|Any CPU = Debug|Any CPU
		Release|Any CPU = Release|Any CPU
	EndGlobalSection
	GlobalSection(ProjectConfigurationPlatforms) = postSolution
		{DDA0ADA1-1D94-4962-B4E7-2ED7BBCE997E}.Debug|Any CPU.ActiveCfg = Debug|Any CPU
		{DDA0ADA1-1D94-4962-B4E7-2ED7BBCE997E}.Debug|Any CPU.Build.0 = Debug|Any CPU
		{DDA0ADA1-1D94-4962-B4E7-2ED7BBCE997E}.Release|Any CPU.ActiveCfg = Release|Any CPU
		{DDA0ADA1-1D94-4962-B4E7-2ED7BBCE997E}.Release|Any CPU.Build.0 = Release|Any CPU
		{4791D306-2F5B-4D22-A507-D087B4FC0680}.Debug|Any CPU.ActiveCfg = Debug|Any CPU
		{4791D306-2F5B-4D22-A507-D087B4FC0680}.Debug|Any CPU.Build.0 = Debug|Any CPU
		{4791D306-2F5B-4D22-A507-D087B4FC0680}.Release|Any CPU.ActiveCfg = Release|Any CPU
		{4791D306-2F5B-4D22-A507-D087B4FC0680}.Release|Any CPU.Build.0 = Release|Any CPU
		{021F054E-F3E0-44AB-AF4A-042A7513B2D6}.Debug|Any CPU.ActiveCfg = Debug|Any CPU
		{021F054E-F3E0-44AB-AF4A-042A7513B2D6}.Debug|Any CPU.Build.0 = Debug|Any CPU
		{021F054E-F3E0-44AB-AF4A-042A7513B2D6}.Release|Any CPU.ActiveCfg = Release|Any CPU
		{021F054E-F3E0-44AB-AF4A-042A7513B2D6}.Release|Any CPU.Build.0 = Release|Any CPU
		{1857340A-8D94-44A8-B9E8-081E72661578}.Debug|Any CPU.ActiveCfg = Debug|Any CPU
		{1857340A-8D94-44A8-B9E8-081E72661578}.Debug|Any CPU.Build.0 = Debug|Any CPU
		{1857340A-8D94-44A8-B9E8-081E72661578}.Release|Any CPU.ActiveCfg = Release|Any CPU
		{1857340A-8D94-44A8-B9E8-081E72661578}.Release|Any CPU.Build.0 = Release|Any CPU
	EndGlobalSection
	GlobalSection(SolutionProperties) = preSolution
		HideSolutionNode = FALSE
	EndGlobalSection
	GlobalSection(ExtensibilityGlobals) = postSolution
		SolutionGuid = {E385CD7A-F537-4976-A3E6-A2FB993A4301}
	EndGlobalSection
EndGlobal
